
Microsoft Visual Studio Solution File, Format Version 12.00
# Visual Studio Version 16
VisualStudioVersion = 16.0.31410.357
MinimumVisualStudioVersion = 10.0.40219.1
Project("{9A19103F-16F7-4668-BE54-9A1E7A4F7556}") = "TaxConsoleApp", "TaxConsoleApp\TaxConsoleApp.csproj", "{F622F310-7A82-4489-A2DC-33278DE1C02E}"
EndProject
Project("{FAE04EC0-301F-11D3-BF4B-00C04F79EFBC}") = "TaxConsoleAppTest", "TaxConsoleAppTest\TaxConsoleAppTest.csproj", "{D05BCB4E-96C5-414C-A7E3-68F936E7BB79}"
EndProject
Global
	GlobalSection(SolutionConfigurationPlatforms) = preSolution
		Debug|Any CPU = Debug|Any CPU
		Release|Any CPU = Release|Any CPU
	EndGlobalSection
	GlobalSection(ProjectConfigurationPlatforms) = postSolution
		{F622F310-7A82-4489-A2DC-33278DE1C02E}.Debug|Any CPU.ActiveCfg = Debug|Any CPU
		{F622F310-7A82-4489-A2DC-33278DE1C02E}.Debug|Any CPU.Build.0 = Debug|Any CPU
		{F622F310-7A82-4489-A2DC-33278DE1C02E}.Release|Any CPU.ActiveCfg = Release|Any CPU
		{F622F310-7A82-4489-A2DC-33278DE1C02E}.Release|Any CPU.Build.0 = Release|Any CPU
		{D05BCB4E-96C5-414C-A7E3-68F936E7BB79}.Debug|Any CPU.ActiveCfg = Debug|Any CPU
		{D05BCB4E-96C5-414C-A7E3-68F936E7BB79}.Debug|Any CPU.Build.0 = Debug|Any CPU
		{D05BCB4E-96C5-414C-A7E3-68F936E7BB79}.Release|Any CPU.ActiveCfg = Release|Any CPU
		{D05BCB4E-96C5-414C-A7E3-68F936E7BB79}.Release|Any CPU.Build.0 = Release|Any CPU
	EndGlobalSection
	GlobalSection(SolutionProperties) = preSolution
		HideSolutionNode = FALSE
	EndGlobalSection
	GlobalSection(ExtensibilityGlobals) = postSolution
		SolutionGuid = {B98A45D4-9DF4-40F0-85B7-1DBDDBD9B0A1}
	EndGlobalSection
EndGlobal
